
Microsoft Visual Studio Solution File, Format Version 12.00
# Visual Studio Version 16
VisualStudioVersion = 16.0.30002.166
MinimumVisualStudioVersion = 10.0.40219.1
Project("{FAE04EC0-301F-11D3-BF4B-00C04F79EFBC}") = "상품관리 프로그램", "상품관리 프로그램\상품관리 프로그램.csproj", "{0BA1406E-A019-4BDF-9F4E-94A4AD6174AC}"
EndProject
Global
	GlobalSection(SolutionConfigurationPlatforms) = preSolution
		Debug|Any CPU = Debug|Any CPU
		Release|Any CPU = Release|Any CPU
	EndGlobalSection
	GlobalSection(ProjectConfigurationPlatforms) = postSolution
		{0BA1406E-A019-4BDF-9F4E-94A4AD6174AC}.Debug|Any CPU.ActiveCfg = Debug|Any CPU
		{0BA1406E-A019-4BDF-9F4E-94A4AD6174AC}.Debug|Any CPU.Build.0 = Debug|Any CPU
		{0BA1406E-A019-4BDF-9F4E-94A4AD6174AC}.Release|Any CPU.ActiveCfg = Release|Any CPU
		{0BA1406E-A019-4BDF-9F4E-94A4AD6174AC}.Release|Any CPU.Build.0 = Release|Any CPU
	EndGlobalSection
	GlobalSection(SolutionProperties) = preSolution
		HideSolutionNode = FALSE
	EndGlobalSection
	GlobalSection(ExtensibilityGlobals) = postSolution
		SolutionGuid = {3E373C1B-AF8B-4F6D-8528-12737729D161}
	EndGlobalSection
EndGlobal
